Microsoft Visual Studio Solution File, Format Version 11.00
# Visual Studio 2008

Project("{D73FD747-D699-9273-F55B-08BE731F811F}") = "Occultus", "Assembly-CSharp-firstpass.csproj", "{DEF29580-54DC-C167-F38F-55D813B11D89}"
EndProject
Project("{D73FD747-D699-9273-F55B-08BE731F811F}") = "Occultus", "Assembly-CSharp.csproj", "{854A5771-8D1C-1534-807A-006B04156BB2}"
EndProject
Project("{D73FD747-D699-9273-F55B-08BE731F811F}") = "Occultus", "Assembly-CSharp-Editor.csproj", "{EAE17EFC-21BE-3B8C-157B-749550984FFD}"
EndProject
Global
	GlobalSection(SolutionConfigurationPlatforms) = preSolution
		Debug|Any CPU = Debug|Any CPU
		Release|Any CPU = Release|Any CPU
	EndGlobalSection
	GlobalSection(ProjectConfigurationPlatforms) = postSolution
		{DEF29580-54DC-C167-F38F-55D813B11D89}.Debug|Any CPU.ActiveCfg = Debug|Any CPU
		{DEF29580-54DC-C167-F38F-55D813B11D89}.Debug|Any CPU.Build.0 = Debug|Any CPU
		{DEF29580-54DC-C167-F38F-55D813B11D89}.Release|Any CPU.ActiveCfg = Release|Any CPU
		{DEF29580-54DC-C167-F38F-55D813B11D89}.Release|Any CPU.Build.0 = Release|Any CPU
		{854A5771-8D1C-1534-807A-006B04156BB2}.Debug|Any CPU.ActiveCfg = Debug|Any CPU
		{854A5771-8D1C-1534-807A-006B04156BB2}.Debug|Any CPU.Build.0 = Debug|Any CPU
		{854A5771-8D1C-1534-807A-006B04156BB2}.Release|Any CPU.ActiveCfg = Release|Any CPU
		{854A5771-8D1C-1534-807A-006B04156BB2}.Release|Any CPU.Build.0 = Release|Any CPU
		{EAE17EFC-21BE-3B8C-157B-749550984FFD}.Debug|Any CPU.ActiveCfg = Debug|Any CPU
		{EAE17EFC-21BE-3B8C-157B-749550984FFD}.Debug|Any CPU.Build.0 = Debug|Any CPU
		{EAE17EFC-21BE-3B8C-157B-749550984FFD}.Release|Any CPU.ActiveCfg = Release|Any CPU
		{EAE17EFC-21BE-3B8C-157B-749550984FFD}.Release|Any CPU.Build.0 = Release|Any CPU
	EndGlobalSection
	GlobalSection(SolutionProperties) = preSolution
		HideSolutionNode = FALSE
	EndGlobalSection
	GlobalSection(MonoDevelopProperties) = preSolution
		StartupItem = Assembly-CSharp.csproj
	EndGlobalSection
EndGlobal
